
Microsoft Visual Studio Solution File, Format Version 12.00
# Visual Studio Version 16
VisualStudioVersion = 16.0.29424.173
MinimumVisualStudioVersion = 10.0.40219.1
Project("{8BC9CEB8-8B4A-11D0-8D11-00A0C91BC942}") = "Comparison_of_numbers_set", "Comparison_of_numbers_set.vcxproj", "{A3CC15D2-A480-4A4E-847C-279452C01874}"
EndProject
Global
	GlobalSection(SolutionConfigurationPlatforms) = preSolution
		Debug|x64 = Debug|x64
		Debug|x86 = Debug|x86
		Release|x64 = Release|x64
		Release|x86 = Release|x86
	EndGlobalSection
	GlobalSection(ProjectConfigurationPlatforms) = postSolution
		{A3CC15D2-A480-4A4E-847C-279452C01874}.Debug|x64.ActiveCfg = Debug|x64
		{A3CC15D2-A480-4A4E-847C-279452C01874}.Debug|x64.Build.0 = Debug|x64
		{A3CC15D2-A480-4A4E-847C-279452C01874}.Debug|x86.ActiveCfg = Debug|Win32
		{A3CC15D2-A480-4A4E-847C-279452C01874}.Debug|x86.Build.0 = Debug|Win32
		{A3CC15D2-A480-4A4E-847C-279452C01874}.Release|x64.ActiveCfg = Release|x64
		{A3CC15D2-A480-4A4E-847C-279452C01874}.Release|x64.Build.0 = Release|x64
		{A3CC15D2-A480-4A4E-847C-279452C01874}.Release|x86.ActiveCfg = Release|Win32
		{A3CC15D2-A480-4A4E-847C-279452C01874}.Release|x86.Build.0 = Release|Win32
	EndGlobalSection
	GlobalSection(SolutionProperties) = preSolution
		HideSolutionNode = FALSE
	EndGlobalSection
	GlobalSection(ExtensibilityGlobals) = postSolution
		SolutionGuid = {8C3E9F28-C8EC-4695-AF53-4A26D8335497}
	EndGlobalSection
EndGlobal
